// !$*UTF8*$!
{
	archiveVersion = 1;
	classes = {
	};
	objectVersion = 48;
	objects = {

/* Begin PBXBuildFile section */
		B52BC66C2048F78E00E68AFC /* AppDelegate.swift in Sources */ = {isa = PBXBuildFile; fileRef = B52BC66B2048F78E00E68AFC /* AppDelegate.swift */; };
		B52BC66E2048F78E00E68AFC /* RemindersTableViewController.swift in Sources */ = {isa = PBXBuildFile; fileRef = B52BC66D2048F78E00E68AFC /* RemindersTableViewController.swift */; };
		B52BC6712048F78E00E68AFC /* Main.storyboard in Resources */ = {isa = PBXBuildFile; fileRef = B52BC66F2048F78E00E68AFC /* Main.storyboard */; };
		B52BC6732048F78E00E68AFC /* Assets.xcassets in Resources */ = {isa = PBXBuildFile; fileRef = B52BC6722048F78E00E68AFC /* Assets.xcassets */; };
		B52BC6762048F78E00E68AFC /* LaunchScreen.storyboard in Resources */ = {isa = PBXBuildFile; fileRef = B52BC6742048F78E00E68AFC /* LaunchScreen.storyboard */; };
		B52BC67E2048FB9C00E68AFC /* AddReminderViewController.swift in Sources */ = {isa = PBXBuildFile; fileRef = B52BC67D2048FB9C00E68AFC /* AddReminderViewController.swift */; };
		B52BC684204A473A00E68AFC /* ReminderStruct.swift in Sources */ = {isa = PBXBuildFile; fileRef = B52BC683204A473A00E68AFC /* ReminderStruct.swift */; };
/* End PBXBuildFile section */

/* Begin PBXFileReference section */
		B52BC6682048F78E00E68AFC /* RemindMe.app */ = {isa = PBXFileReference; explicitFileType = wrapper.application; includeInIndex = 0; path = RemindMe.app; sourceTree = BUILT_PRODUCTS_DIR; };
		B52BC66B2048F78E00E68AFC /* AppDelegate.swift */ = {isa = PBXFileReference; lastKnownFileType = sourcecode.swift; path = AppDelegate.swift; sourceTree = "<group>"; };
		B52BC66D2048F78E00E68AFC /* RemindersTableViewController.swift */ = {isa = PBXFileReference; lastKnownFileType = sourcecode.swift; path = RemindersTableViewController.swift; sourceTree = "<group>"; };
		B52BC6702048F78E00E68AFC /* Base */ = {isa = PBXFileReference; lastKnownFileType = file.storyboard; name = Base; path = Base.lproj/Main.storyboard; sourceTree = "<group>"; };
		B52BC6722048F78E00E68AFC /* Assets.xcassets */ = {isa = PBXFileReference; lastKnownFileType = folder.assetcatalog; path = Assets.xcassets; sourceTree = "<group>"; };
		B52BC6752048F78E00E68AFC /* Base */ = {isa = PBXFileReference; lastKnownFileType = file.storyboard; name = Base; path = Base.lproj/LaunchScreen.storyboard; sourceTree = "<group>"; };
		B52BC6772048F78E00E68AFC /* Info.plist */ = {isa = PBXFileReference; lastKnownFileType = text.plist.xml; path = Info.plist; sourceTree = "<group>"; };
		B52BC67D2048FB9C00E68AFC /* AddReminderViewController.swift */ = {isa = PBXFileReference; lastKnownFileType = sourcecode.swift; path = AddReminderViewController.swift; sourceTree = "<group>"; };
		B52BC683204A473A00E68AFC /* ReminderStruct.swift */ = {isa = PBXFileReference; lastKnownFileType = sourcecode.swift; path = ReminderStruct.swift; sourceTree = "<group>"; };
/* End PBXFileReference section */

/* Begin PBXFrameworksBuildPhase section */
		B52BC6652048F78E00E68AFC /* Frameworks */ = {
			isa = PBXFrameworksBuildPhase;
			buildActionMask = 2147483647;
			files = (
			);
			runOnlyForDeploymentPostprocessing = 0;
		};
/* End PBXFrameworksBuildPhase section */

/* Begin PBXGroup section */
		B52BC65F2048F78E00E68AFC = {
			isa = PBXGroup;
			children = (
				B52BC66A2048F78E00E68AFC /* RemindMe */,
				B52BC6692048F78E00E68AFC /* Products */,
			);
			sourceTree = "<group>";
		};
		B52BC6692048F78E00E68AFC /* Products */ = {
			isa = PBXGroup;
			children = (
				B52BC6682048F78E00E68AFC /* RemindMe.app */,
			);
			name = Products;
			sourceTree = "<group>";
		};
		B52BC66A2048F78E00E68AFC /* RemindMe */ = {
			isa = PBXGroup;
			children = (
				B52BC6822049063C00E68AFC /* Model */,
				B52BC6802049062200E68AFC /* View */,
				B52BC67F204905FC00E68AFC /* Controller */,
				B52BC6812049062A00E68AFC /* Supporting Files */,
			);
			path = RemindMe;
			sourceTree = "<group>";
		};
		B52BC67F204905FC00E68AFC /* Controller */ = {
			isa = PBXGroup;
			children = (
				B52BC66B2048F78E00E68AFC /* AppDelegate.swift */,
				B52BC66D2048F78E00E68AFC /* RemindersTableViewController.swift */,
				B52BC67D2048FB9C00E68AFC /* AddReminderViewController.swift */,
			);
			path = Controller;
			sourceTree = "<group>";
		};
		B52BC6802049062200E68AFC /* View */ = {
			isa = PBXGroup;
			children = (
				B52BC66F2048F78E00E68AFC /* Main.storyboard */,
				B52BC6742048F78E00E68AFC /* LaunchScreen.storyboard */,
			);
			path = View;
			sourceTree = "<group>";
		};
		B52BC6812049062A00E68AFC /* Supporting Files */ = {
			isa = PBXGroup;
			children = (
				B52BC6722048F78E00E68AFC /* Assets.xcassets */,
				B52BC6772048F78E00E68AFC /* Info.plist */,
			);
			path = "Supporting Files";
			sourceTree = "<group>";
		};
		B52BC6822049063C00E68AFC /* Model */ = {
			isa = PBXGroup;
			children = (
				B52BC683204A473A00E68AFC /* ReminderStruct.swift */,
			);
			path = Model;
			sourceTree = "<group>";
		};
/* End PBXGroup section */

/* Begin PBXNativeTarget section */
		B52BC6672048F78E00E68AFC /* RemindMe */ = {
			isa = PBXNativeTarget;
			buildConfigurationList = B52BC67A2048F78E00E68AFC /* Build configuration list for PBXNativeTarget "RemindMe" */;
			buildPhases = (
				B52BC6642048F78E00E68AFC /* Sources */,
				B52BC6652048F78E00E68AFC /* Frameworks */,
				B52BC6662048F78E00E68AFC /* Resources */,
			);
			buildRules = (
			);
			dependencies = (
			);
			name = RemindMe;
			productName = RemindMe;
			productReference = B52BC6682048F78E00E68AFC /* RemindMe.app */;
			productType = "com.apple.product-type.application";
		};
/* End PBXNativeTarget section */

/* Begin PBXProject section */
		B52BC6602048F78E00E68AFC /* Project object */ = {
			isa = PBXProject;
			attributes = {
				LastSwiftUpdateCheck = 0920;
				LastUpgradeCheck = 0920;
				ORGANIZATIONNAME = "Amr Al-Refae";
				TargetAttributes = {
					B52BC6672048F78E00E68AFC = {
						CreatedOnToolsVersion = 9.2;
						ProvisioningStyle = Automatic;
					};
				};
			};
			buildConfigurationList = B52BC6632048F78E00E68AFC /* Build configuration list for PBXProject "RemindMe" */;
			compatibilityVersion = "Xcode 8.0";
			developmentRegion = en;
			hasScannedForEncodings = 0;
			knownRegions = (
				en,
				Base,
			);
			mainGroup = B52BC65F2048F78E00E68AFC;
			productRefGroup = B52BC6692048F78E00E68AFC /* Products */;
			projectDirPath = "";
			projectRoot = "";
			targets = (
				B52BC6672048F78E00E68AFC /* RemindMe */,
			);
		};
/* End PBXProject section */

/* Begin PBXResourcesBuildPhase section */
		B52BC6662048F78E00E68AFC /* Resources */ = {
			isa = PBXResourcesBuildPhase;
			buildActionMask = 2147483647;
			files = (
				B52BC6762048F78E00E68AFC /* LaunchScreen.storyboard in Resources */,
				B52BC6732048F78E00E68AFC /* Assets.xcassets in Resources */,
				B52BC6712048F78E00E68AFC /* Main.storyboard in Resources */,
			);
			runOnlyForDeploymentPostprocessing = 0;
		};
/* End PBXResourcesBuildPhase section */

/* Begin PBXSourcesBuildPhase section */
		B52BC6642048F78E00E68AFC /* Sources */ = {
			isa = PBXSourcesBuildPhase;
			buildActionMask = 2147483647;
			files = (
				B52BC66E2048F78E00E68AFC /* RemindersTableViewController.swift in Sources */,
				B52BC67E2048FB9C00E68AFC /* AddReminderViewController.swift in Sources */,
				B52BC684204A473A00E68AFC /* ReminderStruct.swift in Sources */,
				B52BC66C2048F78E00E68AFC /* AppDelegate.swift in Sources */,
			);
			runOnlyForDeploymentPostprocessing = 0;
		};
/* End PBXSourcesBuildPhase section */

/* Begin PBXVariantGroup section */
		B52BC66F2048F78E00E68AFC /* Main.storyboard */ = {
			isa = PBXVariantGroup;
			children = (
				B52BC6702048F78E00E68AFC /* Base */,
			);
			name = Main.storyboard;
			sourceTree = "<group>";
		};
		B52BC6742048F78E00E68AFC /* LaunchScreen.storyboard */ = {
			isa = PBXVariantGroup;
			children = (
				B52BC6752048F78E00E68AFC /* Base */,
			);
			name = LaunchScreen.storyboard;
			sourceTree = "<group>";
		};
/* End PBXVariantGroup section */

/* Begin XCBuildConfiguration section */
		B52BC6782048F78E00E68AFC /* Debug */ = {
			isa = XCBuildConfiguration;
			buildSettings = {
				ALWAYS_SEARCH_USER_PATHS = NO;
				CLANG_ANALYZER_NONNULL = YES;
				CLANG_ANALYZER_NUMBER_OBJECT_CONVERSION = YES_AGGRESSIVE;
				CLANG_CXX_LANGUAGE_STANDARD = "gnu++14";
				CLANG_CXX_LIBRARY = "libc++";
				CLANG_ENABLE_MODULES = YES;
				CLANG_ENABLE_OBJC_ARC = YES;
				CLANG_WARN_BLOCK_CAPTURE_AUTORELEASING = YES;
				CLANG_WARN_BOOL_CONVERSION = YES;
				CLANG_WARN_COMMA = YES;
				CLANG_WARN_CONSTANT_CONVERSION = YES;
				CLANG_WARN_DIRECT_OBJC_ISA_USAGE = YES_ERROR;
				CLANG_WARN_DOCUMENTATION_COMMENTS = YES;
				CLANG_WARN_EMPTY_BODY = YES;
				CLANG_WARN_ENUM_CONVERSION = YES;
				CLANG_WARN_INFINITE_RECURSION = YES;
				CLANG_WARN_INT_CONVERSION = YES;
				CLANG_WARN_NON_LITERAL_NULL_CONVERSION = YES;
				CLANG_WARN_OBJC_LITERAL_CONVERSION = YES;
				CLANG_WARN_OBJC_ROOT_CLASS = YES_ERROR;
				CLANG_WARN_RANGE_LOOP_ANALYSIS = YES;
				CLANG_WARN_STRICT_PROTOTYPES = YES;
				CLANG_WARN_SUSPICIOUS_MOVE = YES;
				CLANG_WARN_UNGUARDED_AVAILABILITY = YES_AGGRESSIVE;
				CLANG_WARN_UNREACHABLE_CODE = YES;
				CLANG_WARN__DUPLICATE_METHOD_MATCH = YES;
				CODE_SIGN_IDENTITY = "iPhone Developer";
				COPY_PHASE_STRIP = NO;
				DEBUG_INFORMATION_FORMAT = dwarf;
				ENABLE_STRICT_OBJC_MSGSEND = YES;
				ENABLE_TESTABILITY = YES;
				GCC_C_LANGUAGE_STANDARD = gnu11;
				GCC_DYNAMIC_NO_PIC = NO;
				GCC_NO_COMMON_BLOCKS = YES;
				GCC_OPTIMIZATION_LEVEL = 0;
				GCC_PREPROCESSOR_DEFINITIONS = (
					"DEBUG=1",
					"$(inherited)",
				);
				GCC_WARN_64_TO_32_BIT_CONVERSION = YES;
				GCC_WARN_ABOUT_RETURN_TYPE = YES_ERROR;
				GCC_WARN_UNDECLARED_SELECTOR = YES;
				GCC_WARN_UNINITIALIZED_AUTOS = YES_AGGRESSIVE;
				GCC_WARN_UNUSED_FUNCTION = YES;
				GCC_WARN_UNUSED_VARIABLE = YES;
				IPHONEOS_DEPLOYMENT_TARGET = 11.2;
				MTL_ENABLE_DEBUG_INFO = YES;
				ONLY_ACTIVE_ARCH = YES;
				SDKROOT = iphoneos;
				SWIFT_ACTIVE_COMPILATION_CONDITIONS = DEBUG;
				SWIFT_OPTIMIZATION_LEVEL = "-Onone";
			};
			name = Debug;
		};
		B52BC6792048F78E00E68AFC /* Release */ = {
			isa = XCBuildConfiguration;
			buildSettings = {
				ALWAYS_SEARCH_USER_PATHS = NO;
				CLANG_ANALYZER_NONNULL = YES;
				CLANG_ANALYZER_NUMBER_OBJECT_CONVERSION = YES_AGGRESSIVE;
				CLANG_CXX_LANGUAGE_STANDARD = "gnu++14";
				CLANG_CXX_LIBRARY = "libc++";
				CLANG_ENABLE_MODULES = YES;
				CLANG_ENABLE_OBJC_ARC = YES;
				CLANG_WARN_BLOCK_CAPTURE_AUTORELEASING = YES;
				CLANG_WARN_BOOL_CONVERSION = YES;
				CLANG_WARN_COMMA = YES;
				CLANG_WARN_CONSTANT_CONVERSION = YES;
				CLANG_WARN_DIRECT_OBJC_ISA_USAGE = YES_ERROR;
				CLANG_WARN_DOCUMENTATION_COMMENTS = YES;
				CLANG_WARN_EMPTY_BODY = YES;
				CLANG_WARN_ENUM_CONVERSION = YES;
				CLANG_WARN_INFINITE_RECURSION = YES;
				CLANG_WARN_INT_CONVERSION = YES;
				CLANG_WARN_NON_LITERAL_NULL_CONVERSION = YES;
				CLANG_WARN_OBJC_LITERAL_CONVERSION = YES;
				CLANG_WARN_OBJC_ROOT_CLASS = YES_ERROR;
				CLANG_WARN_RANGE_LOOP_ANALYSIS = YES;
				CLANG_WARN_STRICT_PROTOTYPES = YES;
				CLANG_WARN_SUSPICIOUS_MOVE = YES;
				CLANG_WARN_UNGUARDED_AVAILABILITY = YES_AGGRESSIVE;
				CLANG_WARN_UNREACHABLE_CODE = YES;
				CLANG_WARN__DUPLICATE_METHOD_MATCH = YES;
				CODE_SIGN_IDENTITY = "iPhone Developer";
				COPY_PHASE_STRIP = NO;
				DEBUG_INFORMATION_FORMAT = "dwarf-with-dsym";
				ENABLE_NS_ASSERTIONS = NO;
				ENABLE_STRICT_OBJC_MSGSEND = YES;
				GCC_C_LANGUAGE_STANDARD = gnu11;
				GCC_NO_COMMON_BLOCKS = YES;
				GCC_WARN_64_TO_32_BIT_CONVERSION = YES;
				GCC_WARN_ABOUT_RETURN_TYPE = YES_ERROR;
				GCC_WARN_UNDECLARED_SELECTOR = YES;
				GCC_WARN_UNINITIALIZED_AUTOS = YES_AGGRESSIVE;
				GCC_WARN_UNUSED_FUNCTION = YES;
				GCC_WARN_UNUSED_VARIABLE = YES;
				IPHONEOS_DEPLOYMENT_TARGET = 11.2;
				MTL_ENABLE_DEBUG_INFO = NO;
				SDKROOT = iphoneos;
				SWIFT_OPTIMIZATION_LEVEL = "-Owholemodule";
				VALIDATE_PRODUCT = YES;
			};
			name = Release;
		};
		B52BC67B2048F78E00E68AFC /* Debug */ = {
			isa = XCBuildConfiguration;
			buildSettings = {
				ASSETCATALOG_COMPILER_APPICON_NAME = AppIcon;
				CODE_SIGN_STYLE = Automatic;
				DEVELOPMENT_TEAM = NNXMK3EBZA;
				INFOPLIST_FILE = "$(SRCROOT)/RemindMe/Supporting Files/Info.plist";
				LD_RUNPATH_SEARCH_PATHS = "$(inherited) @executable_path/Frameworks";
				PRODUCT_BUNDLE_IDENTIFIER = com.amrezo.RemindMe;
				PRODUCT_NAME = "$(TARGET_NAME)";
				SWIFT_VERSION = 4.0;
				TARGETED_DEVICE_FAMILY = 1;
			};
			name = Debug;
		};
		B52BC67C2048F78E00E68AFC /* Release */ = {
			isa = XCBuildConfiguration;
			buildSettings = {
				ASSETCATALOG_COMPILER_APPICON_NAME = AppIcon;
				CODE_SIGN_STYLE = Automatic;
				DEVELOPMENT_TEAM = NNXMK3EBZA;
				INFOPLIST_FILE = "$(SRCROOT)/RemindMe/Supporting Files/Info.plist";
				LD_RUNPATH_SEARCH_PATHS = "$(inherited) @executable_path/Frameworks";
				PRODUCT_BUNDLE_IDENTIFIER = com.amrezo.RemindMe;
				PRODUCT_NAME = "$(TARGET_NAME)";
				SWIFT_VERSION = 4.0;
				TARGETED_DEVICE_FAMILY = 1;
			};
			name = Release;
		};
/* End XCBuildConfiguration section */

/* Begin XCConfigurationList section */
		B52BC6632048F78E00E68AFC /* Build configuration list for PBXProject "RemindMe" */ = {
			isa = XCConfigurationList;
			buildConfigurations = (
				B52BC6782048F78E00E68AFC /* Debug */,
				B52BC6792048F78E00E68AFC /* Release */,
			);
			defaultConfigurationIsVisible = 0;
			defaultConfigurationName = Release;
		};
		B52BC67A2048F78E00E68AFC /* Build configuration list for PBXNativeTarget "RemindMe" */ = {
			isa = XCConfigurationList;
			buildConfigurations = (
				B52BC67B2048F78E00E68AFC /* Debug */,
				B52BC67C2048F78E00E68AFC /* Release */,
			);
			defaultConfigurationIsVisible = 0;
			defaultConfigurationName = Release;
		};
/* End XCConfigurationList section */
	};
	rootObject = B52BC6602048F78E00E68AFC /* Project object */;
}
